
Microsoft Visual Studio Solution File, Format Version 12.00
# Visual Studio 15
VisualStudioVersion = 15.0.26124.0
MinimumVisualStudioVersion = 15.0.26124.0
Project("{2150E333-8FDC-42A3-9474-1A3956D46DE8}") = "src", "src", "{D7EC4929-8F69-4BA6-96D0-DD87457C6A95}"
EndProject
Project("{FAE04EC0-301F-11D3-BF4B-00C04F79EFBC}") = "Sheller", "src\Core\Sheller.csproj", "{6BE5D257-0E36-4222-96B1-74C12553E1A5}"
EndProject
Project("{FAE04EC0-301F-11D3-BF4B-00C04F79EFBC}") = "Sheller.Tests", "src\Test\Sheller.Tests.csproj", "{5ECB053C-7EBB-40BE-BC36-2A075118339F}"
EndProject
Global
	GlobalSection(SolutionConfigurationPlatforms) = preSolution
		Debug|Any CPU = Debug|Any CPU
		Debug|x64 = Debug|x64
		Debug|x86 = Debug|x86
		Release|Any CPU = Release|Any CPU
		Release|x64 = Release|x64
		Release|x86 = Release|x86
	EndGlobalSection
	GlobalSection(SolutionProperties) = preSolution
		HideSolutionNode = FALSE
	EndGlobalSection
	GlobalSection(ProjectConfigurationPlatforms) = postSolution
		{6BE5D257-0E36-4222-96B1-74C12553E1A5}.Debug|Any CPU.ActiveCfg = Debug|Any CPU
		{6BE5D257-0E36-4222-96B1-74C12553E1A5}.Debug|Any CPU.Build.0 = Debug|Any CPU
		{6BE5D257-0E36-4222-96B1-74C12553E1A5}.Debug|x64.ActiveCfg = Debug|Any CPU
		{6BE5D257-0E36-4222-96B1-74C12553E1A5}.Debug|x64.Build.0 = Debug|Any CPU
		{6BE5D257-0E36-4222-96B1-74C12553E1A5}.Debug|x86.ActiveCfg = Debug|Any CPU
		{6BE5D257-0E36-4222-96B1-74C12553E1A5}.Debug|x86.Build.0 = Debug|Any CPU
		{6BE5D257-0E36-4222-96B1-74C12553E1A5}.Release|Any CPU.ActiveCfg = Release|Any CPU
		{6BE5D257-0E36-4222-96B1-74C12553E1A5}.Release|Any CPU.Build.0 = Release|Any CPU
		{6BE5D257-0E36-4222-96B1-74C12553E1A5}.Release|x64.ActiveCfg = Release|Any CPU
		{6BE5D257-0E36-4222-96B1-74C12553E1A5}.Release|x64.Build.0 = Release|Any CPU
		{6BE5D257-0E36-4222-96B1-74C12553E1A5}.Release|x86.ActiveCfg = Release|Any CPU
		{6BE5D257-0E36-4222-96B1-74C12553E1A5}.Release|x86.Build.0 = Release|Any CPU
		{5ECB053C-7EBB-40BE-BC36-2A075118339F}.Debug|Any CPU.ActiveCfg = Debug|Any CPU
		{5ECB053C-7EBB-40BE-BC36-2A075118339F}.Debug|Any CPU.Build.0 = Debug|Any CPU
		{5ECB053C-7EBB-40BE-BC36-2A075118339F}.Debug|x64.ActiveCfg = Debug|Any CPU
		{5ECB053C-7EBB-40BE-BC36-2A075118339F}.Debug|x64.Build.0 = Debug|Any CPU
		{5ECB053C-7EBB-40BE-BC36-2A075118339F}.Debug|x86.ActiveCfg = Debug|Any CPU
		{5ECB053C-7EBB-40BE-BC36-2A075118339F}.Debug|x86.Build.0 = Debug|Any CPU
		{5ECB053C-7EBB-40BE-BC36-2A075118339F}.Release|Any CPU.ActiveCfg = Release|Any CPU
		{5ECB053C-7EBB-40BE-BC36-2A075118339F}.Release|Any CPU.Build.0 = Release|Any CPU
		{5ECB053C-7EBB-40BE-BC36-2A075118339F}.Release|x64.ActiveCfg = Release|Any CPU
		{5ECB053C-7EBB-40BE-BC36-2A075118339F}.Release|x64.Build.0 = Release|Any CPU
		{5ECB053C-7EBB-40BE-BC36-2A075118339F}.Release|x86.ActiveCfg = Release|Any CPU
		{5ECB053C-7EBB-40BE-BC36-2A075118339F}.Release|x86.Build.0 = Release|Any CPU
	EndGlobalSection
	GlobalSection(NestedProjects) = preSolution
		{6BE5D257-0E36-4222-96B1-74C12553E1A5} = {D7EC4929-8F69-4BA6-96D0-DD87457C6A95}
		{5ECB053C-7EBB-40BE-BC36-2A075118339F} = {D7EC4929-8F69-4BA6-96D0-DD87457C6A95}
	EndGlobalSection
EndGlobal
